<?xml version="1.0" encoding="utf-8"?>
<Project ToolsVersion="4.0" xmlns="http://schemas.microsoft.com/developer/msbuild/2003">
  <ItemGroup>
    <Filter Include="Source Files">
      <UniqueIdentifier>{4FC737F1-C7A5-4376-A066-2A32D752A2FF}</UniqueIdentifier>
      <Extensions>cpp;c;cc;cxx;def;odl;idl;hpj;bat;asm;asmx</Extensions>
    </Filter>
    <Filter Include="Resources">
      <UniqueIdentifier>{22bd58d2-de44-417c-8f63-a8f46b5f0005}</UniqueIdentifier>
    </Filter>
    <Filter Include="Resources\fonts">
      <UniqueIdentifier>{eab79f88-8601-4871-936f-ae9c2f8eaab3}</UniqueIdentifier>
    </Filter>
    <Filter Include="Resources\res">
      <UniqueIdentifier>{a9c0a649-867a-4b90-8f3b-9a305469046f}</UniqueIdentifier>
    </Filter>
  </ItemGroup>
  <ItemGroup>
    <ClCompile Include="main.cpp">
      <Filter>Source Files</Filter>
    </ClCompile>
    <ClCompile Include="StateMachine.cpp">
      <Filter>Source Files</Filter>
    </ClCompile>
    <ClCompile Include="AssetManager.cpp">
      <Filter>Source Files</Filter>
    </ClCompile>
    <ClCompile Include="InputManager.cpp">
      <Filter>Source Files</Filter>
    </ClCompile>
    <ClCompile Include="Game.cpp">
      <Filter>Source Files</Filter>
    </ClCompile>
    <ClCompile Include="SplashState.cpp">
      <Filter>Source Files</Filter>
    </ClCompile>
    <ClCompile Include="MainMenuState.cpp">
      <Filter>Source Files</Filter>
    </ClCompile>
    <ClCompile Include="GameState.cpp">
      <Filter>Source Files</Filter>
    </ClCompile>
  </ItemGroup>
  <ItemGroup>
    <ClInclude Include="State.hpp">
      <Filter>Source Files</Filter>
    </ClInclude>
    <ClInclude Include="StateMachine.hpp">
      <Filter>Source Files</Filter>
    </ClInclude>
    <ClInclude Include="AssetManager.hpp">
      <Filter>Source Files</Filter>
    </ClInclude>
    <ClInclude Include="InputManager.hpp">
      <Filter>Source Files</Filter>
    </ClInclude>
    <ClInclude Include="Game.hpp">
      <Filter>Source Files</Filter>
    </ClInclude>
    <ClInclude Include="SplashState.hpp">
      <Filter>Source Files</Filter>
    </ClInclude>
    <ClInclude Include="DEFINITIONS.hpp">
      <Filter>Source Files</Filter>
    </ClInclude>
    <ClInclude Include="MainMenuState.hpp">
      <Filter>Source Files</Filter>
    </ClInclude>
    <ClInclude Include="GameState.hpp">
      <Filter>Source Files</Filter>
    </ClInclude>
  </ItemGroup>
  <ItemGroup>
    <EmbeddedResource Include="Resource.resx">
      <Filter>Resources</Filter>
    </EmbeddedResource>
  </ItemGroup>
  <ItemGroup>
    <Font Include="..\Resources\fonts\arial.ttf">
      <Filter>Resources\fonts</Filter>
    </Font>
    <Font Include="..\Resources\fonts\FlappyFont.ttf">
      <Filter>Resources\fonts</Filter>
    </Font>
    <Font Include="..\Resources\fonts\MarkerFelt.ttf">
      <Filter>Resources\fonts</Filter>
    </Font>
  </ItemGroup>
  <ItemGroup>
    <Image Include="..\Resources\res\bird-01.png">
      <Filter>Resources\res</Filter>
    </Image>
    <Image Include="..\Resources\res\bird-02.png">
      <Filter>Resources\res</Filter>
    </Image>
    <Image Include="..\Resources\res\bird-03.png">
      <Filter>Resources\res</Filter>
    </Image>
    <Image Include="..\Resources\res\bird-04.png">
      <Filter>Resources\res</Filter>
    </Image>
    <Image Include="..\Resources\res\Bronze-Medal.png">
      <Filter>Resources\res</Filter>
    </Image>
    <Image Include="..\Resources\res\Game-Over-Body.png">
      <Filter>Resources\res</Filter>
    </Image>
    <Image Include="..\Resources\res\Game-Over-Title.png">
      <Filter>Resources\res</Filter>
    </Image>
    <Image Include="..\Resources\res\Gold-Medal.png">
      <Filter>Resources\res</Filter>
    </Image>
    <Image Include="..\Resources\res\InvisibleScoringPipe.png">
      <Filter>Resources\res</Filter>
    </Image>
    <Image Include="..\Resources\res\land.png">
      <Filter>Resources\res</Filter>
    </Image>
    <Image Include="..\Resources\res\PipeDown.png">
      <Filter>Resources\res</Filter>
    </Image>
    <Image Include="..\Resources\res\PipeUp.png">
      <Filter>Resources\res</Filter>
    </Image>
    <Image Include="..\Resources\res\Platinum-Medal.png">
      <Filter>Resources\res</Filter>
    </Image>
    <Image Include="..\Resources\res\PlayButton.png">
      <Filter>Resources\res</Filter>
    </Image>
    <Image Include="..\Resources\res\Silver-Medal.png">
      <Filter>Resources\res</Filter>
    </Image>
    <Image Include="..\Resources\res\sky.png">
      <Filter>Resources\res</Filter>
    </Image>
    <Image Include="..\Resources\res\Splash_Background.png">
      <Filter>Resources\res</Filter>
    </Image>
    <Image Include="..\Resources\res\title.png">
      <Filter>Resources\res</Filter>
    </Image>
  </ItemGroup>
</Project>